
Microsoft Visual Studio Solution File, Format Version 12.00
# Visual Studio Version 16
VisualStudioVersion = 16.0.31613.86
MinimumVisualStudioVersion = 10.0.40219.1
Project("{FAE04EC0-301F-11D3-BF4B-00C04F79EFBC}") = "ReactPeople2", "ReactPeople2\ReactPeople2.csproj", "{A307178C-D87A-48DA-8143-96961D51EA7C}"
EndProject
Global
	GlobalSection(SolutionConfigurationPlatforms) = preSolution
		Debug|Any CPU = Debug|Any CPU
		Release|Any CPU = Release|Any CPU
	EndGlobalSection
	GlobalSection(ProjectConfigurationPlatforms) = postSolution
		{A307178C-D87A-48DA-8143-96961D51EA7C}.Debug|Any CPU.ActiveCfg = Debug|Any CPU
		{A307178C-D87A-48DA-8143-96961D51EA7C}.Debug|Any CPU.Build.0 = Debug|Any CPU
		{A307178C-D87A-48DA-8143-96961D51EA7C}.Release|Any CPU.ActiveCfg = Release|Any CPU
		{A307178C-D87A-48DA-8143-96961D51EA7C}.Release|Any CPU.Build.0 = Release|Any CPU
	EndGlobalSection
	GlobalSection(SolutionProperties) = preSolution
		HideSolutionNode = FALSE
	EndGlobalSection
	GlobalSection(ExtensibilityGlobals) = postSolution
		SolutionGuid = {3E8D9E13-6508-4F68-8792-7C99FAB4510E}
	EndGlobalSection
EndGlobal
